// !$*UTF8*$!
{
	archiveVersion = 1;
	classes = {
	};
	objectVersion = 56;
	objects = {

/* Begin PBXBuildFile section */
		AA000000000000000000001A /* AmbienceDirector.swift in Sources */ = {isa = PBXBuildFile; fileRef = AA0000000000000000000001 /* AmbienceDirector.swift */; };
		AA000000000000000000001B /* AmbientAudio.swift in Sources */ = {isa = PBXBuildFile; fileRef = AA0000000000000000000002 /* AmbientAudio.swift */; };
		AA000000000000000000001C /* Biome.swift in Sources */ = {isa = PBXBuildFile; fileRef = AA0000000000000000000003 /* Biome.swift */; };
		AA000000000000000000001D /* DiamondField.swift in Sources */ = {isa = PBXBuildFile; fileRef = AA0000000000000000000004 /* DiamondField.swift */; };
		AA000000000000000000001E /* GameModel.swift in Sources */ = {isa = PBXBuildFile; fileRef = AA0000000000000000000005 /* GameModel.swift */; };
		AA000000000000000000001F /* GameView.swift in Sources */ = {isa = PBXBuildFile; fileRef = AA0000000000000000000006 /* GameView.swift */; };
		AA0000000000000000000020 /* GeometryKit.swift in Sources */ = {isa = PBXBuildFile; fileRef = AA0000000000000000000007 /* GeometryKit.swift */; };
		AA0000000000000000000021 /* Haptics.swift in Sources */ = {isa = PBXBuildFile; fileRef = AA0000000000000000000008 /* Haptics.swift */; };
		AA0000000000000000000022 /* LandmarkSystem.swift in Sources */ = {isa = PBXBuildFile; fileRef = AA0000000000000000000009 /* LandmarkSystem.swift */; };
		AA0000000000000000000023 /* Mood.swift in Sources */ = {isa = PBXBuildFile; fileRef = AA000000000000000000000A /* Mood.swift */; };
		AA0000000000000000000024 /* Noise.swift in Sources */ = {isa = PBXBuildFile; fileRef = AA000000000000000000000B /* Noise.swift */; };
		AA0000000000000000000025 /* OneSignalPush.swift in Sources */ = {isa = PBXBuildFile; fileRef = AA000000000000000000000C /* OneSignalPush.swift */; };
		AA0000000000000000000026 /* ParticleFactory.swift in Sources */ = {isa = PBXBuildFile; fileRef = AA000000000000000000000D /* ParticleFactory.swift */; };
		AA0000000000000000000027 /* PropFactory.swift in Sources */ = {isa = PBXBuildFile; fileRef = AA000000000000000000000E /* PropFactory.swift */; };
		AA0000000000000000000028 /* SereneDrivingApp.swift in Sources */ = {isa = PBXBuildFile; fileRef = AA000000000000000000000F /* SereneDrivingApp.swift */; };
		AA0000000000000000000029 /* SkyFactory.swift in Sources */ = {isa = PBXBuildFile; fileRef = AA0000000000000000000010 /* SkyFactory.swift */; };
		AA000000000000000000002A /* TerrainSystem.swift in Sources */ = {isa = PBXBuildFile; fileRef = AA0000000000000000000011 /* TerrainSystem.swift */; };
		AA000000000000000000002B /* TrackSystem.swift in Sources */ = {isa = PBXBuildFile; fileRef = AA0000000000000000000012 /* TrackSystem.swift */; };
		AA000000000000000000002C /* VehicleController.swift in Sources */ = {isa = PBXBuildFile; fileRef = AA0000000000000000000013 /* VehicleController.swift */; };
		AA000000000000000000002D /* VehicleFactory.swift in Sources */ = {isa = PBXBuildFile; fileRef = AA0000000000000000000014 /* VehicleFactory.swift */; };
		AA000000000000000000002E /* WaterSystem.swift in Sources */ = {isa = PBXBuildFile; fileRef = AA0000000000000000000015 /* WaterSystem.swift */; };
		AA000000000000000000002F /* WorldScene.swift in Sources */ = {isa = PBXBuildFile; fileRef = AA0000000000000000000016 /* WorldScene.swift */; };
		AA0000000000000000000030 /* Assets.xcassets in Resources */ = {isa = PBXBuildFile; fileRef = AA0000000000000000000017 /* Assets.xcassets */; };
		AA0000000000000000000031 /* PrivacyInfo.xcprivacy in Resources */ = {isa = PBXBuildFile; fileRef = AA0000000000000000000018 /* PrivacyInfo.xcprivacy */; };
		AA0000000000000000000043 /* OneSignalFramework in Frameworks */ = {isa = PBXBuildFile; productRef = AA0000000000000000000042 /* OneSignalFramework */; };
/* End PBXBuildFile section */

/* Begin PBXFileReference section */
		AA0000000000000000000001 /* AmbienceDirector.swift */ = {isa = PBXFileReference; lastKnownFileType = sourcecode.swift; path = AmbienceDirector.swift; sourceTree = "<group>"; };
		AA0000000000000000000002 /* AmbientAudio.swift */ = {isa = PBXFileReference; lastKnownFileType = sourcecode.swift; path = AmbientAudio.swift; sourceTree = "<group>"; };
		AA0000000000000000000003 /* Biome.swift */ = {isa = PBXFileReference; lastKnownFileType = sourcecode.swift; path = Biome.swift; sourceTree = "<group>"; };
		AA0000000000000000000004 /* DiamondField.swift */ = {isa = PBXFileReference; lastKnownFileType = sourcecode.swift; path = DiamondField.swift; sourceTree = "<group>"; };
		AA0000000000000000000005 /* GameModel.swift */ = {isa = PBXFileReference; lastKnownFileType = sourcecode.swift; path = GameModel.swift; sourceTree = "<group>"; };
		AA0000000000000000000006 /* GameView.swift */ = {isa = PBXFileReference; lastKnownFileType = sourcecode.swift; path = GameView.swift; sourceTree = "<group>"; };
		AA0000000000000000000007 /* GeometryKit.swift */ = {isa = PBXFileReference; lastKnownFileType = sourcecode.swift; path = GeometryKit.swift; sourceTree = "<group>"; };
		AA0000000000000000000008 /* Haptics.swift */ = {isa = PBXFileReference; lastKnownFileType = sourcecode.swift; path = Haptics.swift; sourceTree = "<group>"; };
		AA0000000000000000000009 /* LandmarkSystem.swift */ = {isa = PBXFileReference; lastKnownFileType = sourcecode.swift; path = LandmarkSystem.swift; sourceTree = "<group>"; };
		AA000000000000000000000A /* Mood.swift */ = {isa = PBXFileReference; lastKnownFileType = sourcecode.swift; path = Mood.swift; sourceTree = "<group>"; };
		AA000000000000000000000B /* Noise.swift */ = {isa = PBXFileReference; lastKnownFileType = sourcecode.swift; path = Noise.swift; sourceTree = "<group>"; };
		AA000000000000000000000C /* OneSignalPush.swift */ = {isa = PBXFileReference; lastKnownFileType = sourcecode.swift; path = OneSignalPush.swift; sourceTree = "<group>"; };
		AA000000000000000000000D /* ParticleFactory.swift */ = {isa = PBXFileReference; lastKnownFileType = sourcecode.swift; path = ParticleFactory.swift; sourceTree = "<group>"; };
		AA000000000000000000000E /* PropFactory.swift */ = {isa = PBXFileReference; lastKnownFileType = sourcecode.swift; path = PropFactory.swift; sourceTree = "<group>"; };
		AA000000000000000000000F /* SereneDrivingApp.swift */ = {isa = PBXFileReference; lastKnownFileType = sourcecode.swift; path = SereneDrivingApp.swift; sourceTree = "<group>"; };
		AA0000000000000000000010 /* SkyFactory.swift */ = {isa = PBXFileReference; lastKnownFileType = sourcecode.swift; path = SkyFactory.swift; sourceTree = "<group>"; };
		AA0000000000000000000011 /* TerrainSystem.swift */ = {isa = PBXFileReference; lastKnownFileType = sourcecode.swift; path = TerrainSystem.swift; sourceTree = "<group>"; };
		AA0000000000000000000012 /* TrackSystem.swift */ = {isa = PBXFileReference; lastKnownFileType = sourcecode.swift; path = TrackSystem.swift; sourceTree = "<group>"; };
		AA0000000000000000000013 /* VehicleController.swift */ = {isa = PBXFileReference; lastKnownFileType = sourcecode.swift; path = VehicleController.swift; sourceTree = "<group>"; };
		AA0000000000000000000014 /* VehicleFactory.swift */ = {isa = PBXFileReference; lastKnownFileType = sourcecode.swift; path = VehicleFactory.swift; sourceTree = "<group>"; };
		AA0000000000000000000015 /* WaterSystem.swift */ = {isa = PBXFileReference; lastKnownFileType = sourcecode.swift; path = WaterSystem.swift; sourceTree = "<group>"; };
		AA0000000000000000000016 /* WorldScene.swift */ = {isa = PBXFileReference; lastKnownFileType = sourcecode.swift; path = WorldScene.swift; sourceTree = "<group>"; };
		AA0000000000000000000017 /* Assets.xcassets */ = {isa = PBXFileReference; lastKnownFileType = folder.assetcatalog; path = Assets.xcassets; sourceTree = "<group>"; };
		AA0000000000000000000018 /* PrivacyInfo.xcprivacy */ = {isa = PBXFileReference; lastKnownFileType = text; path = PrivacyInfo.xcprivacy; sourceTree = "<group>"; };
		AA0000000000000000000019 /* Info.plist */ = {isa = PBXFileReference; lastKnownFileType = text.plist.xml; path = Info.plist; sourceTree = "<group>"; };
		AA0000000000000000000032 /* SereneDriving.app */ = {isa = PBXFileReference; explicitFileType = wrapper.application; includeInIndex = 0; path = SereneDriving.app; sourceTree = BUILT_PRODUCTS_DIR; };
/* End PBXFileReference section */

/* Begin PBXFrameworksBuildPhase section */
		AA0000000000000000000039 = {
			isa = PBXFrameworksBuildPhase;
			buildActionMask = 2147483647;
			files = (
				AA0000000000000000000043 /* OneSignalFramework in Frameworks */,
			);
			runOnlyForDeploymentPostprocessing = 0;
		};
/* End PBXFrameworksBuildPhase section */

/* Begin PBXGroup section */
		AA0000000000000000000033 = {
			isa = PBXGroup;
			children = (
				AA0000000000000000000034 /* SereneDriving */,
				AA0000000000000000000035 /* Products */,
			);
			sourceTree = "<group>";
		};
		AA0000000000000000000034 /* SereneDriving */ = {
			isa = PBXGroup;
			children = (
				AA0000000000000000000001 /* AmbienceDirector.swift */,
				AA0000000000000000000002 /* AmbientAudio.swift */,
				AA0000000000000000000003 /* Biome.swift */,
				AA0000000000000000000004 /* DiamondField.swift */,
				AA0000000000000000000005 /* GameModel.swift */,
				AA0000000000000000000006 /* GameView.swift */,
				AA0000000000000000000007 /* GeometryKit.swift */,
				AA0000000000000000000008 /* Haptics.swift */,
				AA0000000000000000000009 /* LandmarkSystem.swift */,
				AA000000000000000000000A /* Mood.swift */,
				AA000000000000000000000B /* Noise.swift */,
				AA000000000000000000000C /* OneSignalPush.swift */,
				AA000000000000000000000D /* ParticleFactory.swift */,
				AA000000000000000000000E /* PropFactory.swift */,
				AA000000000000000000000F /* SereneDrivingApp.swift */,
				AA0000000000000000000010 /* SkyFactory.swift */,
				AA0000000000000000000011 /* TerrainSystem.swift */,
				AA0000000000000000000012 /* TrackSystem.swift */,
				AA0000000000000000000013 /* VehicleController.swift */,
				AA0000000000000000000014 /* VehicleFactory.swift */,
				AA0000000000000000000015 /* WaterSystem.swift */,
				AA0000000000000000000016 /* WorldScene.swift */,
				AA0000000000000000000017 /* Assets.xcassets */,
				AA0000000000000000000018 /* PrivacyInfo.xcprivacy */,
				AA0000000000000000000019 /* Info.plist */,
			);
			path = SereneDriving;
			sourceTree = "<group>";
		};
		AA0000000000000000000035 /* Products */ = {
			isa = PBXGroup;
			children = (
				AA0000000000000000000032 /* SereneDriving.app */,
			);
			name = Products;
			sourceTree = "<group>";
		};
/* End PBXGroup section */

/* Begin PBXNativeTarget section */
		AA0000000000000000000036 /* SereneDriving */ = {
			isa = PBXNativeTarget;
			buildConfigurationList = AA000000000000000000003C;
			buildPhases = (
				AA0000000000000000000038,
				AA0000000000000000000039,
				AA000000000000000000003A,
			);
			buildRules = (
			);
			dependencies = (
			);
			name = SereneDriving;
			packageProductDependencies = (
				AA0000000000000000000042 /* OneSignalFramework */,
			);
			productName = SereneDriving;
			productReference = AA0000000000000000000032;
			productType = "com.apple.product-type.application";
		};
/* End PBXNativeTarget section */

/* Begin PBXProject section */
		AA0000000000000000000037 /* Project object */ = {
			isa = PBXProject;
			attributes = {
				BuildIndependentTargetsInParallel = 1;
				LastSwiftUpdateCheck = 2600;
				LastUpgradeCheck = 2600;
				TargetAttributes = {
					AA0000000000000000000036 = {
						CreatedOnToolsVersion = 26.0;
					};
				};
			};
			buildConfigurationList = AA000000000000000000003B;
			compatibilityVersion = "Xcode 14.0";
			developmentRegion = en;
			hasScannedForEncodings = 0;
			knownRegions = (
				en,
				Base,
			);
			mainGroup = AA0000000000000000000033;
			packageReferences = (
				AA0000000000000000000041 /* XCLocalSwiftPackageReference "Vendor/OneSignalXCFramework" */,
			);
			productRefGroup = AA0000000000000000000035 /* Products */;
			projectDirPath = "";
			projectRoot = "";
			targets = (
				AA0000000000000000000036 /* SereneDriving */,
			);
		};
/* End PBXProject section */

/* Begin XCLocalSwiftPackageReference section */
		AA0000000000000000000041 /* XCLocalSwiftPackageReference "Vendor/OneSignalXCFramework" */ = {
			isa = XCLocalSwiftPackageReference;
			relativePath = "Vendor/OneSignalXCFramework";
		};
/* End XCLocalSwiftPackageReference section */

/* Begin XCSwiftPackageProductDependency section */
		AA0000000000000000000042 /* OneSignalFramework */ = {
			isa = XCSwiftPackageProductDependency;
			package = AA0000000000000000000041 /* XCLocalSwiftPackageReference "Vendor/OneSignalXCFramework" */;
			productName = OneSignalFramework;
		};
/* End XCSwiftPackageProductDependency section */

/* Begin PBXResourcesBuildPhase section */
		AA000000000000000000003A = {
			isa = PBXResourcesBuildPhase;
			buildActionMask = 2147483647;
			files = (
				AA0000000000000000000030 /* Assets.xcassets in Resources */,
				AA0000000000000000000031 /* PrivacyInfo.xcprivacy in Resources */,
			);
			runOnlyForDeploymentPostprocessing = 0;
		};
/* End PBXResourcesBuildPhase section */

/* Begin PBXSourcesBuildPhase section */
		AA0000000000000000000038 = {
			isa = PBXSourcesBuildPhase;
			buildActionMask = 2147483647;
			files = (
				AA000000000000000000001A /* AmbienceDirector.swift in Sources */,
				AA000000000000000000001B /* AmbientAudio.swift in Sources */,
				AA000000000000000000001C /* Biome.swift in Sources */,
				AA000000000000000000001D /* DiamondField.swift in Sources */,
				AA000000000000000000001E /* GameModel.swift in Sources */,
				AA000000000000000000001F /* GameView.swift in Sources */,
				AA0000000000000000000020 /* GeometryKit.swift in Sources */,
				AA0000000000000000000021 /* Haptics.swift in Sources */,
				AA0000000000000000000022 /* LandmarkSystem.swift in Sources */,
				AA0000000000000000000023 /* Mood.swift in Sources */,
				AA0000000000000000000024 /* Noise.swift in Sources */,
				AA0000000000000000000025 /* OneSignalPush.swift in Sources */,
				AA0000000000000000000026 /* ParticleFactory.swift in Sources */,
				AA0000000000000000000027 /* PropFactory.swift in Sources */,
				AA0000000000000000000028 /* SereneDrivingApp.swift in Sources */,
				AA0000000000000000000029 /* SkyFactory.swift in Sources */,
				AA000000000000000000002A /* TerrainSystem.swift in Sources */,
				AA000000000000000000002B /* TrackSystem.swift in Sources */,
				AA000000000000000000002C /* VehicleController.swift in Sources */,
				AA000000000000000000002D /* VehicleFactory.swift in Sources */,
				AA000000000000000000002E /* WaterSystem.swift in Sources */,
				AA000000000000000000002F /* WorldScene.swift in Sources */,
			);
			runOnlyForDeploymentPostprocessing = 0;
		};
/* End PBXSourcesBuildPhase section */

/* Begin XCBuildConfiguration section */
		AA000000000000000000003D /* Debug */ = {
			isa = XCBuildConfiguration;
			buildSettings = {
				ALWAYS_SEARCH_USER_PATHS = NO;
				CLANG_ENABLE_MODULES = YES;
				CLANG_ENABLE_OBJC_ARC = YES;
				ENABLE_STRICT_OBJC_MSGSEND = YES;
				GCC_C_LANGUAGE_STANDARD = gnu17;
				IPHONEOS_DEPLOYMENT_TARGET = 17.0;
				SDKROOT = iphoneos;
				SWIFT_VERSION = 5.0;
				TARGETED_DEVICE_FAMILY = "1,2";
				SWIFT_OPTIMIZATION_LEVEL = "-Onone";
				SWIFT_ACTIVE_COMPILATION_CONDITIONS = DEBUG;
				GCC_OPTIMIZATION_LEVEL = 0;
				ONLY_ACTIVE_ARCH = YES;
				DEBUG_INFORMATION_FORMAT = dwarf;
			};
			name = Debug;
		};
		AA000000000000000000003E /* Release */ = {
			isa = XCBuildConfiguration;
			buildSettings = {
				ALWAYS_SEARCH_USER_PATHS = NO;
				CLANG_ENABLE_MODULES = YES;
				CLANG_ENABLE_OBJC_ARC = YES;
				ENABLE_STRICT_OBJC_MSGSEND = YES;
				GCC_C_LANGUAGE_STANDARD = gnu17;
				IPHONEOS_DEPLOYMENT_TARGET = 17.0;
				SDKROOT = iphoneos;
				SWIFT_VERSION = 5.0;
				TARGETED_DEVICE_FAMILY = "1,2";
				SWIFT_OPTIMIZATION_LEVEL = "-O";
				SWIFT_COMPILATION_MODE = wholemodule;
				DEBUG_INFORMATION_FORMAT = "dwarf-with-dsym";
				VALIDATE_PRODUCT = YES;
			};
			name = Release;
		};
		AA000000000000000000003F /* Debug */ = {
			isa = XCBuildConfiguration;
			buildSettings = {
				ASSETCATALOG_COMPILER_APPICON_NAME = AppIcon;
				ASSETCATALOG_COMPILER_GLOBAL_ACCENT_COLOR_NAME = AccentColor;
				CODE_SIGN_ENTITLEMENTS = SereneDriving/SereneDriving.entitlements;
				CODE_SIGN_STYLE = Automatic;
				DEVELOPMENT_TEAM = 2E6D4Q69QB;
				CURRENT_PROJECT_VERSION = 1;
				ENABLE_PREVIEWS = YES;
				GENERATE_INFOPLIST_FILE = NO;
				INFOPLIST_FILE = "SereneDriving/Info.plist";
				LD_RUNPATH_SEARCH_PATHS = (
					"$(inherited)",
					"@executable_path/Frameworks",
				);
				MARKETING_VERSION = 1.0;
				PRODUCT_BUNDLE_IDENTIFIER = com.lno.serenedriving;
				PRODUCT_NAME = "$(TARGET_NAME)";
				SWIFT_EMIT_LOC_STRINGS = YES;
				SWIFT_VERSION = 5.0;
				TARGETED_DEVICE_FAMILY = "1,2";
			};
			name = Debug;
		};
		AA0000000000000000000040 /* Release */ = {
			isa = XCBuildConfiguration;
			buildSettings = {
				ASSETCATALOG_COMPILER_APPICON_NAME = AppIcon;
				ASSETCATALOG_COMPILER_GLOBAL_ACCENT_COLOR_NAME = AccentColor;
				CODE_SIGN_ENTITLEMENTS = SereneDriving/SereneDriving.entitlements;
				CODE_SIGN_STYLE = Automatic;
				DEVELOPMENT_TEAM = 2E6D4Q69QB;
				CURRENT_PROJECT_VERSION = 1;
				ENABLE_PREVIEWS = YES;
				GENERATE_INFOPLIST_FILE = NO;
				INFOPLIST_FILE = "SereneDriving/Info.plist";
				LD_RUNPATH_SEARCH_PATHS = (
					"$(inherited)",
					"@executable_path/Frameworks",
				);
				MARKETING_VERSION = 1.0;
				PRODUCT_BUNDLE_IDENTIFIER = com.lno.serenedriving;
				PRODUCT_NAME = "$(TARGET_NAME)";
				SWIFT_EMIT_LOC_STRINGS = YES;
				SWIFT_VERSION = 5.0;
				TARGETED_DEVICE_FAMILY = "1,2";
			};
			name = Release;
		};
/* End XCBuildConfiguration section */

/* Begin XCConfigurationList section */
		AA000000000000000000003B /* Build configuration list for PBXProject */ = {
			isa = XCConfigurationList;
			buildConfigurations = (
				AA000000000000000000003D /* Debug */,
				AA000000000000000000003E /* Release */,
			);
			defaultConfigurationIsVisible = 0;
			defaultConfigurationName = Release;
		};
		AA000000000000000000003C /* Build configuration list for PBXNativeTarget */ = {
			isa = XCConfigurationList;
			buildConfigurations = (
				AA000000000000000000003F /* Debug */,
				AA0000000000000000000040 /* Release */,
			);
			defaultConfigurationIsVisible = 0;
			defaultConfigurationName = Release;
		};
/* End XCConfigurationList section */
	};
	rootObject = AA0000000000000000000037 /* Project object */;
}
